{
  "name": "@letsvibe/cli",
  "version": "0.1.0",
  "lockfileVersion": 3,
  "requires": true,
  "packages": {
    "": {
      "name": "@letsvibe/cli",
      "version": "0.1.0",
      "bin": {
        "vibelog": "dist/index.js"
      },
      "devDependencies": {
        "tsx": "^4.20.6"
      }
    },
    "../../node_modules/.pnpm/tsx@4.22.3/node_modules/tsx": {
      "version": "4.22.3",
      "dev": true,
      "license": "MIT",
      "dependencies": {
        "esbuild": "~0.28.0"
      },
      "bin": {
        "tsx": "dist/cli.mjs"
      },
      "engines": {
        "node": ">=18.0.0"
      },
      "optionalDependencies": {
        "fsevents": "~2.3.3"
      }
    },
    "node_modules/tsx": {
      "resolved": "../../node_modules/.pnpm/tsx@4.22.3/node_modules/tsx",
      "link": true
    }
  }
}
